// !$*UTF8*$!
{
	archiveVersion = 1;
	classes = {
	};
	objectVersion = 46;
	objects = {

/* Begin PBXBuildFile section */
		CBD125301F1BF3C6006A7BB4 /* DiskSpaceEater.swift in Sources */ = {isa = PBXBuildFile; fileRef = CBD1252F1F1BF3C6006A7BB4 /* DiskSpaceEater.swift */; };
		CBD125321F1BF95B006A7BB4 /* FileSystemInfo.swift in Sources */ = {isa = PBXBuildFile; fileRef = CBD125311F1BF95B006A7BB4 /* FileSystemInfo.swift */; };
		CBE4059D1F1BF36C00B60D90 /* AppDelegate.swift in Sources */ = {isa = PBXBuildFile; fileRef = CBE4059C1F1BF36C00B60D90 /* AppDelegate.swift */; };
		CBE4059F1F1BF36C00B60D90 /* ViewController.swift in Sources */ = {isa = PBXBuildFile; fileRef = CBE4059E1F1BF36C00B60D90 /* ViewController.swift */; };
		CBE405A21F1BF36C00B60D90 /* Main.storyboard in Resources */ = {isa = PBXBuildFile; fileRef = CBE405A01F1BF36C00B60D90 /* Main.storyboard */; };
		CBE405A41F1BF36C00B60D90 /* Assets.xcassets in Resources */ = {isa = PBXBuildFile; fileRef = CBE405A31F1BF36C00B60D90 /* Assets.xcassets */; };
		CBE405A71F1BF36C00B60D90 /* LaunchScreen.storyboard in Resources */ = {isa = PBXBuildFile; fileRef = CBE405A51F1BF36C00B60D90 /* LaunchScreen.storyboard */; };
/* End PBXBuildFile section */

/* Begin PBXFileReference section */
		CBD1252F1F1BF3C6006A7BB4 /* DiskSpaceEater.swift */ = {isa = PBXFileReference; fileEncoding = 4; lastKnownFileType = sourcecode.swift; path = DiskSpaceEater.swift; sourceTree = "<group>"; };
		CBD125311F1BF95B006A7BB4 /* FileSystemInfo.swift */ = {isa = PBXFileReference; fileEncoding = 4; lastKnownFileType = sourcecode.swift; path = FileSystemInfo.swift; sourceTree = "<group>"; };
		CBE405991F1BF36C00B60D90 /* DiskSpaceEater.app */ = {isa = PBXFileReference; explicitFileType = wrapper.application; includeInIndex = 0; path = DiskSpaceEater.app; sourceTree = BUILT_PRODUCTS_DIR; };
		CBE4059C1F1BF36C00B60D90 /* AppDelegate.swift */ = {isa = PBXFileReference; lastKnownFileType = sourcecode.swift; path = AppDelegate.swift; sourceTree = "<group>"; };
		CBE4059E1F1BF36C00B60D90 /* ViewController.swift */ = {isa = PBXFileReference; lastKnownFileType = sourcecode.swift; path = ViewController.swift; sourceTree = "<group>"; };
		CBE405A11F1BF36C00B60D90 /* Base */ = {isa = PBXFileReference; lastKnownFileType = file.storyboard; name = Base; path = Base.lproj/Main.storyboard; sourceTree = "<group>"; };
		CBE405A31F1BF36C00B60D90 /* Assets.xcassets */ = {isa = PBXFileReference; lastKnownFileType = folder.assetcatalog; path = Assets.xcassets; sourceTree = "<group>"; };
		CBE405A61F1BF36C00B60D90 /* Base */ = {isa = PBXFileReference; lastKnownFileType = file.storyboard; name = Base; path = Base.lproj/LaunchScreen.storyboard; sourceTree = "<group>"; };
		CBE405A81F1BF36C00B60D90 /* Info.plist */ = {isa = PBXFileReference; lastKnownFileType = text.plist.xml; path = Info.plist; sourceTree = "<group>"; };
/* End PBXFileReference section */

/* Begin PBXFrameworksBuildPhase section */
		CBE405961F1BF36C00B60D90 /* Frameworks */ = {
			isa = PBXFrameworksBuildPhase;
			buildActionMask = 2147483647;
			files = (
			);
			runOnlyForDeploymentPostprocessing = 0;
		};
/* End PBXFrameworksBuildPhase section */

/* Begin PBXGroup section */
		CBE405901F1BF36C00B60D90 = {
			isa = PBXGroup;
			children = (
				CBE4059B1F1BF36C00B60D90 /* DiskSpaceEater */,
				CBE4059A1F1BF36C00B60D90 /* Products */,
			);
			sourceTree = "<group>";
		};
		CBE4059A1F1BF36C00B60D90 /* Products */ = {
			isa = PBXGroup;
			children = (
				CBE405991F1BF36C00B60D90 /* DiskSpaceEater.app */,
			);
			name = Products;
			sourceTree = "<group>";
		};
		CBE4059B1F1BF36C00B60D90 /* DiskSpaceEater */ = {
			isa = PBXGroup;
			children = (
				CBE4059C1F1BF36C00B60D90 /* AppDelegate.swift */,
				CBE4059E1F1BF36C00B60D90 /* ViewController.swift */,
				CBD125311F1BF95B006A7BB4 /* FileSystemInfo.swift */,
				CBD1252F1F1BF3C6006A7BB4 /* DiskSpaceEater.swift */,
				CBE405A01F1BF36C00B60D90 /* Main.storyboard */,
				CBE405A31F1BF36C00B60D90 /* Assets.xcassets */,
				CBE405A51F1BF36C00B60D90 /* LaunchScreen.storyboard */,
				CBE405A81F1BF36C00B60D90 /* Info.plist */,
			);
			path = DiskSpaceEater;
			sourceTree = "<group>";
		};
/* End PBXGroup section */

/* Begin PBXNativeTarget section */
		CBE405981F1BF36C00B60D90 /* DiskSpaceEater */ = {
			isa = PBXNativeTarget;
			buildConfigurationList = CBE405AB1F1BF36C00B60D90 /* Build configuration list for PBXNativeTarget "DiskSpaceEater" */;
			buildPhases = (
				CBE405951F1BF36C00B60D90 /* Sources */,
				CBE405961F1BF36C00B60D90 /* Frameworks */,
				CBE405971F1BF36C00B60D90 /* Resources */,
			);
			buildRules = (
			);
			dependencies = (
			);
			name = DiskSpaceEater;
			productName = DiskSpaceEater;
			productReference = CBE405991F1BF36C00B60D90 /* DiskSpaceEater.app */;
			productType = "com.apple.product-type.application";
		};
/* End PBXNativeTarget section */

/* Begin PBXProject section */
		CBE405911F1BF36C00B60D90 /* Project object */ = {
			isa = PBXProject;
			attributes = {
				LastSwiftUpdateCheck = 0830;
				LastUpgradeCheck = 0830;
				ORGANIZATIONNAME = "Shinichiro Oba";
				TargetAttributes = {
					CBE405981F1BF36C00B60D90 = {
						CreatedOnToolsVersion = 8.3.3;
						DevelopmentTeam = U8J6E5ZHF2;
						ProvisioningStyle = Automatic;
					};
				};
			};
			buildConfigurationList = CBE405941F1BF36C00B60D90 /* Build configuration list for PBXProject "DiskSpaceEater" */;
			compatibilityVersion = "Xcode 3.2";
			developmentRegion = English;
			hasScannedForEncodings = 0;
			knownRegions = (
				en,
				Base,
			);
			mainGroup = CBE405901F1BF36C00B60D90;
			productRefGroup = CBE4059A1F1BF36C00B60D90 /* Products */;
			projectDirPath = "";
			projectRoot = "";
			targets = (
				CBE405981F1BF36C00B60D90 /* DiskSpaceEater */,
			);
		};
/* End PBXProject section */

/* Begin PBXResourcesBuildPhase section */
		CBE405971F1BF36C00B60D90 /* Resources */ = {
			isa = PBXResourcesBuildPhase;
			buildActionMask = 2147483647;
			files = (
				CBE405A71F1BF36C00B60D90 /* LaunchScreen.storyboard in Resources */,
				CBE405A41F1BF36C00B60D90 /* Assets.xcassets in Resources */,
				CBE405A21F1BF36C00B60D90 /* Main.storyboard in Resources */,
			);
			runOnlyForDeploymentPostprocessing = 0;
		};
/* End PBXResourcesBuildPhase section */

/* Begin PBXSourcesBuildPhase section */
		CBE405951F1BF36C00B60D90 /* Sources */ = {
			isa = PBXSourcesBuildPhase;
			buildActionMask = 2147483647;
			files = (
				CBD125321F1BF95B006A7BB4 /* FileSystemInfo.swift in Sources */,
				CBE4059F1F1BF36C00B60D90 /* ViewController.swift in Sources */,
				CBD125301F1BF3C6006A7BB4 /* DiskSpaceEater.swift in Sources */,
				CBE4059D1F1BF36C00B60D90 /* AppDelegate.swift in Sources */,
			);
			runOnlyForDeploymentPostprocessing = 0;
		};
/* End PBXSourcesBuildPhase section */

/* Begin PBXVariantGroup section */
		CBE405A01F1BF36C00B60D90 /* Main.storyboard */ = {
			isa = PBXVariantGroup;
			children = (
				CBE405A11F1BF36C00B60D90 /* Base */,
			);
			name = Main.storyboard;
			sourceTree = "<group>";
		};
		CBE405A51F1BF36C00B60D90 /* LaunchScreen.storyboard */ = {
			isa = PBXVariantGroup;
			children = (
				CBE405A61F1BF36C00B60D90 /* Base */,
			);
			name = LaunchScreen.storyboard;
			sourceTree = "<group>";
		};
/* End PBXVariantGroup section */

/* Begin XCBuildConfiguration section */
		CBE405A91F1BF36C00B60D90 /* Debug */ = {
			isa = XCBuildConfiguration;
			buildSettings = {
				ALWAYS_SEARCH_USER_PATHS = NO;
				CLANG_ANALYZER_NONNULL = YES;
				CLANG_ANALYZER_NUMBER_OBJECT_CONVERSION = YES_AGGRESSIVE;
				CLANG_CXX_LANGUAGE_STANDARD = "gnu++0x";
				CLANG_CXX_LIBRARY = "libc++";
				CLANG_ENABLE_MODULES = YES;
				CLANG_ENABLE_OBJC_ARC = YES;
				CLANG_WARN_BOOL_CONVERSION = YES;
				CLANG_WARN_CONSTANT_CONVERSION = YES;
				CLANG_WARN_DIRECT_OBJC_ISA_USAGE = YES_ERROR;
				CLANG_WARN_DOCUMENTATION_COMMENTS = YES;
				CLANG_WARN_EMPTY_BODY = YES;
				CLANG_WARN_ENUM_CONVERSION = YES;
				CLANG_WARN_INFINITE_RECURSION = YES;
				CLANG_WARN_INT_CONVERSION = YES;
				CLANG_WARN_OBJC_ROOT_CLASS = YES_ERROR;
				CLANG_WARN_SUSPICIOUS_MOVE = YES;
				CLANG_WARN_UNREACHABLE_CODE = YES;
				CLANG_WARN__DUPLICATE_METHOD_MATCH = YES;
				"CODE_SIGN_IDENTITY[sdk=iphoneos*]" = "iPhone Developer";
				COPY_PHASE_STRIP = NO;
				DEBUG_INFORMATION_FORMAT = dwarf;
				ENABLE_STRICT_OBJC_MSGSEND = YES;
				ENABLE_TESTABILITY = YES;
				GCC_C_LANGUAGE_STANDARD = gnu99;
				GCC_DYNAMIC_NO_PIC = NO;
				GCC_NO_COMMON_BLOCKS = YES;
				GCC_OPTIMIZATION_LEVEL = 0;
				GCC_PREPROCESSOR_DEFINITIONS = (
					"DEBUG=1",
					"$(inherited)",
				);
				GCC_WARN_64_TO_32_BIT_CONVERSION = YES;
				GCC_WARN_ABOUT_RETURN_TYPE = YES_ERROR;
				GCC_WARN_UNDECLARED_SELECTOR = YES;
				GCC_WARN_UNINITIALIZED_AUTOS = YES_AGGRESSIVE;
				GCC_WARN_UNUSED_FUNCTION = YES;
				GCC_WARN_UNUSED_VARIABLE = YES;
				IPHONEOS_DEPLOYMENT_TARGET = 10.0;
				MTL_ENABLE_DEBUG_INFO = YES;
				ONLY_ACTIVE_ARCH = YES;
				SDKROOT = iphoneos;
				SWIFT_ACTIVE_COMPILATION_CONDITIONS = DEBUG;
				SWIFT_OPTIMIZATION_LEVEL = "-Onone";
				TARGETED_DEVICE_FAMILY = "1,2";
			};
			name = Debug;
		};
		CBE405AA1F1BF36C00B60D90 /* Release */ = {
			isa = XCBuildConfiguration;
			buildSettings = {
				ALWAYS_SEARCH_USER_PATHS = NO;
				CLANG_ANALYZER_NONNULL = YES;
				CLANG_ANALYZER_NUMBER_OBJECT_CONVERSION = YES_AGGRESSIVE;
				CLANG_CXX_LANGUAGE_STANDARD = "gnu++0x";
				CLANG_CXX_LIBRARY = "libc++";
				CLANG_ENABLE_MODULES = YES;
				CLANG_ENABLE_OBJC_ARC = YES;
				CLANG_WARN_BOOL_CONVERSION = YES;
				CLANG_WARN_CONSTANT_CONVERSION = YES;
				CLANG_WARN_DIRECT_OBJC_ISA_USAGE = YES_ERROR;
				CLANG_WARN_DOCUMENTATION_COMMENTS = YES;
				CLANG_WARN_EMPTY_BODY = YES;
				CLANG_WARN_ENUM_CONVERSION = YES;
				CLANG_WARN_INFINITE_RECURSION = YES;
				CLANG_WARN_INT_CONVERSION = YES;
				CLANG_WARN_OBJC_ROOT_CLASS = YES_ERROR;
				CLANG_WARN_SUSPICIOUS_MOVE = YES;
				CLANG_WARN_UNREACHABLE_CODE = YES;
				CLANG_WARN__DUPLICATE_METHOD_MATCH = YES;
				"CODE_SIGN_IDENTITY[sdk=iphoneos*]" = "iPhone Developer";
				COPY_PHASE_STRIP = NO;
				DEBUG_INFORMATION_FORMAT = "dwarf-with-dsym";
				ENABLE_NS_ASSERTIONS = NO;
				ENABLE_STRICT_OBJC_MSGSEND = YES;
				GCC_C_LANGUAGE_STANDARD = gnu99;
				GCC_NO_COMMON_BLOCKS = YES;
				GCC_WARN_64_TO_32_BIT_CONVERSION = YES;
				GCC_WARN_ABOUT_RETURN_TYPE = YES_ERROR;
				GCC_WARN_UNDECLARED_SELECTOR = YES;
				GCC_WARN_UNINITIALIZED_AUTOS = YES_AGGRESSIVE;
				GCC_WARN_UNUSED_FUNCTION = YES;
				GCC_WARN_UNUSED_VARIABLE = YES;
				IPHONEOS_DEPLOYMENT_TARGET = 10.0;
				MTL_ENABLE_DEBUG_INFO = NO;
				SDKROOT = iphoneos;
				SWIFT_OPTIMIZATION_LEVEL = "-Owholemodule";
				TARGETED_DEVICE_FAMILY = "1,2";
				VALIDATE_PRODUCT = YES;
			};
			name = Release;
		};
		CBE405AC1F1BF36C00B60D90 /* Debug */ = {
			isa = XCBuildConfiguration;
			buildSettings = {
				ASSETCATALOG_COMPILER_APPICON_NAME = AppIcon;
				DEVELOPMENT_TEAM = U8J6E5ZHF2;
				INFOPLIST_FILE = DiskSpaceEater/Info.plist;
				LD_RUNPATH_SEARCH_PATHS = "$(inherited) @executable_path/Frameworks";
				PRODUCT_BUNDLE_IDENTIFIER = com.bricklife.ios.DiskSpaceEater;
				PRODUCT_NAME = "$(TARGET_NAME)";
				SWIFT_VERSION = 3.0;
			};
			name = Debug;
		};
		CBE405AD1F1BF36C00B60D90 /* Release */ = {
			isa = XCBuildConfiguration;
			buildSettings = {
				ASSETCATALOG_COMPILER_APPICON_NAME = AppIcon;
				DEVELOPMENT_TEAM = U8J6E5ZHF2;
				INFOPLIST_FILE = DiskSpaceEater/Info.plist;
				LD_RUNPATH_SEARCH_PATHS = "$(inherited) @executable_path/Frameworks";
				PRODUCT_BUNDLE_IDENTIFIER = com.bricklife.ios.DiskSpaceEater;
				PRODUCT_NAME = "$(TARGET_NAME)";
				SWIFT_VERSION = 3.0;
			};
			name = Release;
		};
/* End XCBuildConfiguration section */

/* Begin XCConfigurationList section */
		CBE405941F1BF36C00B60D90 /* Build configuration list for PBXProject "DiskSpaceEater" */ = {
			isa = XCConfigurationList;
			buildConfigurations = (
				CBE405A91F1BF36C00B60D90 /* Debug */,
				CBE405AA1F1BF36C00B60D90 /* Release */,
			);
			defaultConfigurationIsVisible = 0;
			defaultConfigurationName = Release;
		};
		CBE405AB1F1BF36C00B60D90 /* Build configuration list for PBXNativeTarget "DiskSpaceEater" */ = {
			isa = XCConfigurationList;
			buildConfigurations = (
				CBE405AC1F1BF36C00B60D90 /* Debug */,
				CBE405AD1F1BF36C00B60D90 /* Release */,
			);
			defaultConfigurationIsVisible = 0;
			defaultConfigurationName = Release;
		};
/* End XCConfigurationList section */
	};
	rootObject = CBE405911F1BF36C00B60D90 /* Project object */;
}
